
Microsoft Visual Studio Solution File, Format Version 12.00
# Visual Studio Version 17
VisualStudioVersion = 17.1.32328.378
MinimumVisualStudioVersion = 10.0.40219.1
Project("{2150E333-8FDC-42A3-9474-1A3956D46DE8}") = "01.Clients", "01.Clients", "{C6694640-F795-43C4-BE9D-92F731BD0089}"
EndProject
Project("{2150E333-8FDC-42A3-9474-1A3956D46DE8}") = "02.Api.Getways", "02.Api.Getways", "{76E8E867-2645-4252-8322-D24EB0088208}"
EndProject
Project("{2150E333-8FDC-42A3-9474-1A3956D46DE8}") = "03.Services", "03.Services", "{5540F74B-B8BE-452B-ABCF-3A4922102D13}"
EndProject
Project("{2150E333-8FDC-42A3-9474-1A3956D46DE8}") = "01.Identity", "01.Identity", "{F9E3001C-F9EB-4CA7-B7B2-40AA30EFE5DE}"
EndProject
Project("{2150E333-8FDC-42A3-9474-1A3956D46DE8}") = "02.Catalog", "02.Catalog", "{1711F01C-4DF1-457C-ADF9-409A3F993E28}"
EndProject
Project("{2150E333-8FDC-42A3-9474-1A3956D46DE8}") = "03.Customer", "03.Customer", "{DAE1A486-E23D-4A82-A0E2-6F4A6FD0FE86}"
EndProject
Project("{2150E333-8FDC-42A3-9474-1A3956D46DE8}") = "04.Order", "04.Order", "{BAF6C346-1B1D-4F41-ACE8-042882412365}"
EndProject
Project("{9A19103F-16F7-4668-BE54-9A1E7A4F7556}") = "Catalog_API", "src\Services\Catalog\Catalog_API\Catalog_API.csproj", "{684FD096-B217-414F-8EDD-94F3C7845865}"
EndProject
Project("{2150E333-8FDC-42A3-9474-1A3956D46DE8}") = "01.Api", "01.Api", "{324A4543-F9D3-4D3B-82DC-A5C9FABB8BC0}"
EndProject
Project("{2150E333-8FDC-42A3-9474-1A3956D46DE8}") = "02.Services", "02.Services", "{D4E97072-DED2-40F6-9A5C-9E9C10E5148B}"
EndProject
Project("{2150E333-8FDC-42A3-9474-1A3956D46DE8}") = "03.Persistence", "03.Persistence", "{EFEC3D35-BF2E-4D36-954B-84A91154F554}"
EndProject
Project("{2150E333-8FDC-42A3-9474-1A3956D46DE8}") = "04.Models", "04.Models", "{30D2D9F1-E60B-47DA-BFE7-512AFDC7D33E}"
EndProject
Project("{9A19103F-16F7-4668-BE54-9A1E7A4F7556}") = "CatologDomain", "src\Services\Catalog\CatologDomain\CatologDomain.csproj", "{181C2B51-D18B-4D68-AF72-3A42C453E276}"
EndProject
Project("{FAE04EC0-301F-11D3-BF4B-00C04F79EFBC}") = "Catalog.PersistenceDataBase", "src\Services\Catalog\Catalog.PersistenceDataBase\Catalog.PersistenceDataBase.csproj", "{2D8D5BCF-2DF7-4804-B932-B7C77455C0DC}"
EndProject
Global
	GlobalSection(SolutionConfigurationPlatforms) = preSolution
		Debug|Any CPU = Debug|Any CPU
		Release|Any CPU = Release|Any CPU
	EndGlobalSection
	GlobalSection(ProjectConfigurationPlatforms) = postSolution
		{684FD096-B217-414F-8EDD-94F3C7845865}.Debug|Any CPU.ActiveCfg = Debug|Any CPU
		{684FD096-B217-414F-8EDD-94F3C7845865}.Debug|Any CPU.Build.0 = Debug|Any CPU
		{684FD096-B217-414F-8EDD-94F3C7845865}.Release|Any CPU.ActiveCfg = Release|Any CPU
		{684FD096-B217-414F-8EDD-94F3C7845865}.Release|Any CPU.Build.0 = Release|Any CPU
		{181C2B51-D18B-4D68-AF72-3A42C453E276}.Debug|Any CPU.ActiveCfg = Debug|Any CPU
		{181C2B51-D18B-4D68-AF72-3A42C453E276}.Debug|Any CPU.Build.0 = Debug|Any CPU
		{181C2B51-D18B-4D68-AF72-3A42C453E276}.Release|Any CPU.ActiveCfg = Release|Any CPU
		{181C2B51-D18B-4D68-AF72-3A42C453E276}.Release|Any CPU.Build.0 = Release|Any CPU
		{2D8D5BCF-2DF7-4804-B932-B7C77455C0DC}.Debug|Any CPU.ActiveCfg = Debug|Any CPU
		{2D8D5BCF-2DF7-4804-B932-B7C77455C0DC}.Debug|Any CPU.Build.0 = Debug|Any CPU
		{2D8D5BCF-2DF7-4804-B932-B7C77455C0DC}.Release|Any CPU.ActiveCfg = Release|Any CPU
		{2D8D5BCF-2DF7-4804-B932-B7C77455C0DC}.Release|Any CPU.Build.0 = Release|Any CPU
	EndGlobalSection
	GlobalSection(SolutionProperties) = preSolution
		HideSolutionNode = FALSE
	EndGlobalSection
	GlobalSection(NestedProjects) = preSolution
		{F9E3001C-F9EB-4CA7-B7B2-40AA30EFE5DE} = {5540F74B-B8BE-452B-ABCF-3A4922102D13}
		{1711F01C-4DF1-457C-ADF9-409A3F993E28} = {5540F74B-B8BE-452B-ABCF-3A4922102D13}
		{DAE1A486-E23D-4A82-A0E2-6F4A6FD0FE86} = {5540F74B-B8BE-452B-ABCF-3A4922102D13}
		{BAF6C346-1B1D-4F41-ACE8-042882412365} = {5540F74B-B8BE-452B-ABCF-3A4922102D13}
		{684FD096-B217-414F-8EDD-94F3C7845865} = {324A4543-F9D3-4D3B-82DC-A5C9FABB8BC0}
		{324A4543-F9D3-4D3B-82DC-A5C9FABB8BC0} = {1711F01C-4DF1-457C-ADF9-409A3F993E28}
		{D4E97072-DED2-40F6-9A5C-9E9C10E5148B} = {1711F01C-4DF1-457C-ADF9-409A3F993E28}
		{EFEC3D35-BF2E-4D36-954B-84A91154F554} = {1711F01C-4DF1-457C-ADF9-409A3F993E28}
		{30D2D9F1-E60B-47DA-BFE7-512AFDC7D33E} = {1711F01C-4DF1-457C-ADF9-409A3F993E28}
		{181C2B51-D18B-4D68-AF72-3A42C453E276} = {30D2D9F1-E60B-47DA-BFE7-512AFDC7D33E}
		{2D8D5BCF-2DF7-4804-B932-B7C77455C0DC} = {EFEC3D35-BF2E-4D36-954B-84A91154F554}
	EndGlobalSection
	GlobalSection(ExtensibilityGlobals) = postSolution
		SolutionGuid = {3E171F5C-B537-462D-911D-164358BD9F1B}
	EndGlobalSection
EndGlobal
