
Microsoft Visual Studio Solution File, Format Version 12.00
# Visual Studio Version 17
VisualStudioVersion = 17.1.32328.378
MinimumVisualStudioVersion = 10.0.40219.1
Project("{2150E333-8FDC-42A3-9474-1A3956D46DE8}") = "01.Clients", "01.Clients", "{C6694640-F795-43C4-BE9D-92F731BD0089}"
EndProject
Project("{2150E333-8FDC-42A3-9474-1A3956D46DE8}") = "02.Api.Getways", "02.Api.Getways", "{76E8E867-2645-4252-8322-D24EB0088208}"
EndProject
Project("{2150E333-8FDC-42A3-9474-1A3956D46DE8}") = "03.Services", "03.Services", "{5540F74B-B8BE-452B-ABCF-3A4922102D13}"
EndProject
Project("{2150E333-8FDC-42A3-9474-1A3956D46DE8}") = "01.Identity", "01.Identity", "{F9E3001C-F9EB-4CA7-B7B2-40AA30EFE5DE}"
EndProject
Project("{2150E333-8FDC-42A3-9474-1A3956D46DE8}") = "02.Catalog", "02.Catalog", "{1711F01C-4DF1-457C-ADF9-409A3F993E28}"
EndProject
Project("{2150E333-8FDC-42A3-9474-1A3956D46DE8}") = "03.Customer", "03.Customer", "{DAE1A486-E23D-4A82-A0E2-6F4A6FD0FE86}"
EndProject
Project("{2150E333-8FDC-42A3-9474-1A3956D46DE8}") = "04.Order", "04.Order", "{BAF6C346-1B1D-4F41-ACE8-042882412365}"
EndProject
Project("{9A19103F-16F7-4668-BE54-9A1E7A4F7556}") = "Catalog_API", "src\Services\Catalog\Catalog_API\Catalog_API.csproj", "{684FD096-B217-414F-8EDD-94F3C7845865}"
EndProject
Project("{2150E333-8FDC-42A3-9474-1A3956D46DE8}") = "01.Api", "01.Api", "{324A4543-F9D3-4D3B-82DC-A5C9FABB8BC0}"
EndProject
Project("{2150E333-8FDC-42A3-9474-1A3956D46DE8}") = "02.Services", "02.Services", "{D4E97072-DED2-40F6-9A5C-9E9C10E5148B}"
EndProject
Project("{2150E333-8FDC-42A3-9474-1A3956D46DE8}") = "03.Persistence", "03.Persistence", "{EFEC3D35-BF2E-4D36-954B-84A91154F554}"
EndProject
Project("{2150E333-8FDC-42A3-9474-1A3956D46DE8}") = "04.Models", "04.Models", "{30D2D9F1-E60B-47DA-BFE7-512AFDC7D33E}"
EndProject
Project("{9A19103F-16F7-4668-BE54-9A1E7A4F7556}") = "CatologDomain", "src\Services\Catalog\CatologDomain\CatologDomain.csproj", "{181C2B51-D18B-4D68-AF72-3A42C453E276}"
EndProject
Project("{9A19103F-16F7-4668-BE54-9A1E7A4F7556}") = "Catalog.PersistenceDataBase", "src\Services\Catalog\Catalog.PersistenceDataBase\Catalog.PersistenceDataBase.csproj", "{2D8D5BCF-2DF7-4804-B932-B7C77455C0DC}"
EndProject
Project("{9A19103F-16F7-4668-BE54-9A1E7A4F7556}") = "Catalog.ServiceQuery", "src\Services\Catalog\Catalog.ServiceQuery\Catalog.ServiceQuery.csproj", "{9B34748F-3E04-4C66-A54F-0EB08ACC6FD4}"
EndProject
Project("{2150E333-8FDC-42A3-9474-1A3956D46DE8}") = "04.Common", "04.Common", "{AC6A52EB-6831-42BE-8783-73DF7EDC83CB}"
EndProject
Project("{9A19103F-16F7-4668-BE54-9A1E7A4F7556}") = "Service.CommonPaging", "src\Services\Common\Service.CommonPaging\Service.CommonPaging.csproj", "{AD190C99-A282-43F8-8D5B-D2C6B3774BCE}"
EndProject
Project("{9A19103F-16F7-4668-BE54-9A1E7A4F7556}") = "Service.CommonCollection", "src\Services\Common\Service.CommonCollection\Service.CommonCollection.csproj", "{49A738D7-F8E5-4714-B144-B72EE89FDDA9}"
EndProject
Project("{9A19103F-16F7-4668-BE54-9A1E7A4F7556}") = "Service.CommonMapping", "src\Services\Common\Service.CommonMapping\Service.CommonMapping.csproj", "{9E1F148A-E200-4DE1-BBC5-276677712EBD}"
EndProject
Project("{9A19103F-16F7-4668-BE54-9A1E7A4F7556}") = "Catalog.ServiceEventHandlers", "src\Services\Catalog\Catalog.ServiceEventHandlers\Catalog.ServiceEventHandlers.csproj", "{A2988D0F-2418-4842-9339-924649DC15C5}"
EndProject
Project("{9A19103F-16F7-4668-BE54-9A1E7A4F7556}") = "Common.Catalog", "src\Services\Common\Common.Catalog\Common.Catalog.csproj", "{577815A0-909F-49C4-A771-BFB7A2C12C71}"
EndProject
Project("{2150E333-8FDC-42A3-9474-1A3956D46DE8}") = "05.Common", "05.Common", "{78CF4931-6D4B-431E-8A93-5DBA2BB30EE5}"
EndProject
Project("{2150E333-8FDC-42A3-9474-1A3956D46DE8}") = "06.Testing", "06.Testing", "{7E825898-96D3-4663-A14A-6A4C1A788439}"
EndProject
Project("{9A19103F-16F7-4668-BE54-9A1E7A4F7556}") = "Catalog.Testing", "src\Services\Catalog\Catalog.Test\Catalog.Testing\Catalog.Testing.csproj", "{D9206E53-0EA1-4985-9C9C-11F101CBEA3C}"
EndProject
Project("{2150E333-8FDC-42A3-9474-1A3956D46DE8}") = "01.Api", "01.Api", "{77E0CC22-4BC0-4D5F-BCAD-D74048E3AAB7}"
EndProject
Project("{2150E333-8FDC-42A3-9474-1A3956D46DE8}") = "02.Services", "02.Services", "{7C039448-55B6-4DF7-9A81-3F88984A47DF}"
EndProject
Project("{2150E333-8FDC-42A3-9474-1A3956D46DE8}") = "03.Persistence", "03.Persistence", "{D0EC1BFC-A5D7-41AA-B891-21552CEC172C}"
EndProject
Project("{2150E333-8FDC-42A3-9474-1A3956D46DE8}") = "04.Models", "04.Models", "{B159DAED-A991-4939-8590-ACF0943EAD48}"
EndProject
Project("{2150E333-8FDC-42A3-9474-1A3956D46DE8}") = "05.Common", "05.Common", "{303460BA-318D-475A-A4AF-2BBA074622E7}"
EndProject
Project("{2150E333-8FDC-42A3-9474-1A3956D46DE8}") = "06.Testing", "06.Testing", "{D1E68994-9E71-46A4-B2EB-42D573B8A394}"
EndProject
Project("{9A19103F-16F7-4668-BE54-9A1E7A4F7556}") = "Customer_Api", "src\Services\Customer\Customer_Api\Customer_Api.csproj", "{CE790944-693A-4627-ACD7-0E0F8C735F44}"
EndProject
Project("{9A19103F-16F7-4668-BE54-9A1E7A4F7556}") = "Customer.Domain", "src\Services\Customer\Customer.Domain\Customer.Domain.csproj", "{14AD51CD-E8B5-42F2-8285-40973DC91B2B}"
EndProject
Project("{9A19103F-16F7-4668-BE54-9A1E7A4F7556}") = "Customer.PersitenceDataBase", "src\Services\Customer\Customer.PersitenceDataBase\Customer.PersitenceDataBase.csproj", "{F33FBCDB-A377-42CF-BDDB-4ACE5E6E55DD}"
EndProject
Project("{9A19103F-16F7-4668-BE54-9A1E7A4F7556}") = "Customer.QueryServices", "src\Services\Customer\Customer.QueryServices\Customer.QueryServices.csproj", "{E9023A55-D50F-4E05-ABB3-1282690D1B06}"
EndProject
Project("{9A19103F-16F7-4668-BE54-9A1E7A4F7556}") = "Customer.ServiceEventHandler", "src\Services\Customer\Customer.ServiceEventHandler\Customer.ServiceEventHandler.csproj", "{6B36D62C-C400-43EA-B59D-CC84134FBAB1}"
EndProject
Project("{2150E333-8FDC-42A3-9474-1A3956D46DE8}") = "01.Api", "01.Api", "{0E464142-D83B-44E6-80A9-37AE3E6E78DB}"
EndProject
Project("{2150E333-8FDC-42A3-9474-1A3956D46DE8}") = "02.Services", "02.Services", "{9215907A-46C1-4F4E-A28E-55E75AEA2320}"
EndProject
Project("{2150E333-8FDC-42A3-9474-1A3956D46DE8}") = "03.Persitence", "03.Persitence", "{004790BC-E99E-4E7E-BE94-FBD01EDC9692}"
EndProject
Project("{2150E333-8FDC-42A3-9474-1A3956D46DE8}") = "04.Models", "04.Models", "{DA760241-6FEE-4BCC-9F4E-740AFC9141C5}"
EndProject
Project("{2150E333-8FDC-42A3-9474-1A3956D46DE8}") = "05.Common", "05.Common", "{451F6925-DFC5-41CC-B30C-03052A929F27}"
EndProject
Project("{2150E333-8FDC-42A3-9474-1A3956D46DE8}") = "06.Testing", "06.Testing", "{816D1C4F-A624-4B03-932E-EA1832C91B93}"
EndProject
Project("{9A19103F-16F7-4668-BE54-9A1E7A4F7556}") = "Order.Domain", "src\Services\Order\Order.Domain\Order.Domain.csproj", "{80DA6498-514A-471E-A73B-69385E14DA14}"
EndProject
Project("{9A19103F-16F7-4668-BE54-9A1E7A4F7556}") = "Order.Common", "src\Services\Order\Order.Common\Order.Common.csproj", "{9CBE4BA2-CA57-4533-9FB1-8A737481186F}"
EndProject
Project("{9A19103F-16F7-4668-BE54-9A1E7A4F7556}") = "Order.PersistenceDataBase", "src\Services\Order\Order.PersistenceDataBase\Order.PersistenceDataBase.csproj", "{B49731AD-19B5-43F6-9D79-90A4D3A3B9E8}"
EndProject
Project("{9A19103F-16F7-4668-BE54-9A1E7A4F7556}") = "Order.QueryService", "src\Services\Order\Product.QueryService\Order.QueryService.csproj", "{DCCE7682-7C2E-41C5-9CF0-C4222CD55A2D}"
EndProject
Project("{9A19103F-16F7-4668-BE54-9A1E7A4F7556}") = "Order_Api", "src\Services\Order\Order_Api\Order_Api.csproj", "{85754EBF-71E4-4DBA-9FAA-778913812E87}"
EndProject
Project("{9A19103F-16F7-4668-BE54-9A1E7A4F7556}") = "Order.ServiceEventHandlers", "src\Services\Order\Order.ServiceEventeHandlers\Order.ServiceEventHandlers.csproj", "{652C32A1-22B1-4E2C-AD29-4E01D647A988}"
EndProject
Project("{FAE04EC0-301F-11D3-BF4B-00C04F79EFBC}") = "Order.ProxyServices", "src\Services\Order\Order.ProxyServices\Order.ProxyServices.csproj", "{CF37BDEA-6EE0-4232-B3B0-DBA5FE3D8124}"
EndProject
Global
	GlobalSection(SolutionConfigurationPlatforms) = preSolution
		Debug|Any CPU = Debug|Any CPU
		Release|Any CPU = Release|Any CPU
	EndGlobalSection
	GlobalSection(ProjectConfigurationPlatforms) = postSolution
		{684FD096-B217-414F-8EDD-94F3C7845865}.Debug|Any CPU.ActiveCfg = Debug|Any CPU
		{684FD096-B217-414F-8EDD-94F3C7845865}.Debug|Any CPU.Build.0 = Debug|Any CPU
		{684FD096-B217-414F-8EDD-94F3C7845865}.Release|Any CPU.ActiveCfg = Release|Any CPU
		{684FD096-B217-414F-8EDD-94F3C7845865}.Release|Any CPU.Build.0 = Release|Any CPU
		{181C2B51-D18B-4D68-AF72-3A42C453E276}.Debug|Any CPU.ActiveCfg = Debug|Any CPU
		{181C2B51-D18B-4D68-AF72-3A42C453E276}.Debug|Any CPU.Build.0 = Debug|Any CPU
		{181C2B51-D18B-4D68-AF72-3A42C453E276}.Release|Any CPU.ActiveCfg = Release|Any CPU
		{181C2B51-D18B-4D68-AF72-3A42C453E276}.Release|Any CPU.Build.0 = Release|Any CPU
		{2D8D5BCF-2DF7-4804-B932-B7C77455C0DC}.Debug|Any CPU.ActiveCfg = Debug|Any CPU
		{2D8D5BCF-2DF7-4804-B932-B7C77455C0DC}.Debug|Any CPU.Build.0 = Debug|Any CPU
		{2D8D5BCF-2DF7-4804-B932-B7C77455C0DC}.Release|Any CPU.ActiveCfg = Release|Any CPU
		{2D8D5BCF-2DF7-4804-B932-B7C77455C0DC}.Release|Any CPU.Build.0 = Release|Any CPU
		{9B34748F-3E04-4C66-A54F-0EB08ACC6FD4}.Debug|Any CPU.ActiveCfg = Debug|Any CPU
		{9B34748F-3E04-4C66-A54F-0EB08ACC6FD4}.Debug|Any CPU.Build.0 = Debug|Any CPU
		{9B34748F-3E04-4C66-A54F-0EB08ACC6FD4}.Release|Any CPU.ActiveCfg = Release|Any CPU
		{9B34748F-3E04-4C66-A54F-0EB08ACC6FD4}.Release|Any CPU.Build.0 = Release|Any CPU
		{AD190C99-A282-43F8-8D5B-D2C6B3774BCE}.Debug|Any CPU.ActiveCfg = Debug|Any CPU
		{AD190C99-A282-43F8-8D5B-D2C6B3774BCE}.Debug|Any CPU.Build.0 = Debug|Any CPU
		{AD190C99-A282-43F8-8D5B-D2C6B3774BCE}.Release|Any CPU.ActiveCfg = Release|Any CPU
		{AD190C99-A282-43F8-8D5B-D2C6B3774BCE}.Release|Any CPU.Build.0 = Release|Any CPU
		{49A738D7-F8E5-4714-B144-B72EE89FDDA9}.Debug|Any CPU.ActiveCfg = Debug|Any CPU
		{49A738D7-F8E5-4714-B144-B72EE89FDDA9}.Debug|Any CPU.Build.0 = Debug|Any CPU
		{49A738D7-F8E5-4714-B144-B72EE89FDDA9}.Release|Any CPU.ActiveCfg = Release|Any CPU
		{49A738D7-F8E5-4714-B144-B72EE89FDDA9}.Release|Any CPU.Build.0 = Release|Any CPU
		{9E1F148A-E200-4DE1-BBC5-276677712EBD}.Debug|Any CPU.ActiveCfg = Debug|Any CPU
		{9E1F148A-E200-4DE1-BBC5-276677712EBD}.Debug|Any CPU.Build.0 = Debug|Any CPU
		{9E1F148A-E200-4DE1-BBC5-276677712EBD}.Release|Any CPU.ActiveCfg = Release|Any CPU
		{9E1F148A-E200-4DE1-BBC5-276677712EBD}.Release|Any CPU.Build.0 = Release|Any CPU
		{A2988D0F-2418-4842-9339-924649DC15C5}.Debug|Any CPU.ActiveCfg = Debug|Any CPU
		{A2988D0F-2418-4842-9339-924649DC15C5}.Debug|Any CPU.Build.0 = Debug|Any CPU
		{A2988D0F-2418-4842-9339-924649DC15C5}.Release|Any CPU.ActiveCfg = Release|Any CPU
		{A2988D0F-2418-4842-9339-924649DC15C5}.Release|Any CPU.Build.0 = Release|Any CPU
		{577815A0-909F-49C4-A771-BFB7A2C12C71}.Debug|Any CPU.ActiveCfg = Debug|Any CPU
		{577815A0-909F-49C4-A771-BFB7A2C12C71}.Debug|Any CPU.Build.0 = Debug|Any CPU
		{577815A0-909F-49C4-A771-BFB7A2C12C71}.Release|Any CPU.ActiveCfg = Release|Any CPU
		{577815A0-909F-49C4-A771-BFB7A2C12C71}.Release|Any CPU.Build.0 = Release|Any CPU
		{D9206E53-0EA1-4985-9C9C-11F101CBEA3C}.Debug|Any CPU.ActiveCfg = Debug|Any CPU
		{D9206E53-0EA1-4985-9C9C-11F101CBEA3C}.Debug|Any CPU.Build.0 = Debug|Any CPU
		{D9206E53-0EA1-4985-9C9C-11F101CBEA3C}.Release|Any CPU.ActiveCfg = Release|Any CPU
		{D9206E53-0EA1-4985-9C9C-11F101CBEA3C}.Release|Any CPU.Build.0 = Release|Any CPU
		{CE790944-693A-4627-ACD7-0E0F8C735F44}.Debug|Any CPU.ActiveCfg = Debug|Any CPU
		{CE790944-693A-4627-ACD7-0E0F8C735F44}.Debug|Any CPU.Build.0 = Debug|Any CPU
		{CE790944-693A-4627-ACD7-0E0F8C735F44}.Release|Any CPU.ActiveCfg = Release|Any CPU
		{CE790944-693A-4627-ACD7-0E0F8C735F44}.Release|Any CPU.Build.0 = Release|Any CPU
		{14AD51CD-E8B5-42F2-8285-40973DC91B2B}.Debug|Any CPU.ActiveCfg = Debug|Any CPU
		{14AD51CD-E8B5-42F2-8285-40973DC91B2B}.Debug|Any CPU.Build.0 = Debug|Any CPU
		{14AD51CD-E8B5-42F2-8285-40973DC91B2B}.Release|Any CPU.ActiveCfg = Release|Any CPU
		{14AD51CD-E8B5-42F2-8285-40973DC91B2B}.Release|Any CPU.Build.0 = Release|Any CPU
		{F33FBCDB-A377-42CF-BDDB-4ACE5E6E55DD}.Debug|Any CPU.ActiveCfg = Debug|Any CPU
		{F33FBCDB-A377-42CF-BDDB-4ACE5E6E55DD}.Debug|Any CPU.Build.0 = Debug|Any CPU
		{F33FBCDB-A377-42CF-BDDB-4ACE5E6E55DD}.Release|Any CPU.ActiveCfg = Release|Any CPU
		{F33FBCDB-A377-42CF-BDDB-4ACE5E6E55DD}.Release|Any CPU.Build.0 = Release|Any CPU
		{E9023A55-D50F-4E05-ABB3-1282690D1B06}.Debug|Any CPU.ActiveCfg = Debug|Any CPU
		{E9023A55-D50F-4E05-ABB3-1282690D1B06}.Debug|Any CPU.Build.0 = Debug|Any CPU
		{E9023A55-D50F-4E05-ABB3-1282690D1B06}.Release|Any CPU.ActiveCfg = Release|Any CPU
		{E9023A55-D50F-4E05-ABB3-1282690D1B06}.Release|Any CPU.Build.0 = Release|Any CPU
		{6B36D62C-C400-43EA-B59D-CC84134FBAB1}.Debug|Any CPU.ActiveCfg = Debug|Any CPU
		{6B36D62C-C400-43EA-B59D-CC84134FBAB1}.Debug|Any CPU.Build.0 = Debug|Any CPU
		{6B36D62C-C400-43EA-B59D-CC84134FBAB1}.Release|Any CPU.ActiveCfg = Release|Any CPU
		{6B36D62C-C400-43EA-B59D-CC84134FBAB1}.Release|Any CPU.Build.0 = Release|Any CPU
		{80DA6498-514A-471E-A73B-69385E14DA14}.Debug|Any CPU.ActiveCfg = Debug|Any CPU
		{80DA6498-514A-471E-A73B-69385E14DA14}.Debug|Any CPU.Build.0 = Debug|Any CPU
		{80DA6498-514A-471E-A73B-69385E14DA14}.Release|Any CPU.ActiveCfg = Release|Any CPU
		{80DA6498-514A-471E-A73B-69385E14DA14}.Release|Any CPU.Build.0 = Release|Any CPU
		{9CBE4BA2-CA57-4533-9FB1-8A737481186F}.Debug|Any CPU.ActiveCfg = Debug|Any CPU
		{9CBE4BA2-CA57-4533-9FB1-8A737481186F}.Debug|Any CPU.Build.0 = Debug|Any CPU
		{9CBE4BA2-CA57-4533-9FB1-8A737481186F}.Release|Any CPU.ActiveCfg = Release|Any CPU
		{9CBE4BA2-CA57-4533-9FB1-8A737481186F}.Release|Any CPU.Build.0 = Release|Any CPU
		{B49731AD-19B5-43F6-9D79-90A4D3A3B9E8}.Debug|Any CPU.ActiveCfg = Debug|Any CPU
		{B49731AD-19B5-43F6-9D79-90A4D3A3B9E8}.Debug|Any CPU.Build.0 = Debug|Any CPU
		{B49731AD-19B5-43F6-9D79-90A4D3A3B9E8}.Release|Any CPU.ActiveCfg = Release|Any CPU
		{B49731AD-19B5-43F6-9D79-90A4D3A3B9E8}.Release|Any CPU.Build.0 = Release|Any CPU
		{DCCE7682-7C2E-41C5-9CF0-C4222CD55A2D}.Debug|Any CPU.ActiveCfg = Debug|Any CPU
		{DCCE7682-7C2E-41C5-9CF0-C4222CD55A2D}.Debug|Any CPU.Build.0 = Debug|Any CPU
		{DCCE7682-7C2E-41C5-9CF0-C4222CD55A2D}.Release|Any CPU.ActiveCfg = Release|Any CPU
		{DCCE7682-7C2E-41C5-9CF0-C4222CD55A2D}.Release|Any CPU.Build.0 = Release|Any CPU
		{85754EBF-71E4-4DBA-9FAA-778913812E87}.Debug|Any CPU.ActiveCfg = Debug|Any CPU
		{85754EBF-71E4-4DBA-9FAA-778913812E87}.Debug|Any CPU.Build.0 = Debug|Any CPU
		{85754EBF-71E4-4DBA-9FAA-778913812E87}.Release|Any CPU.ActiveCfg = Release|Any CPU
		{85754EBF-71E4-4DBA-9FAA-778913812E87}.Release|Any CPU.Build.0 = Release|Any CPU
		{652C32A1-22B1-4E2C-AD29-4E01D647A988}.Debug|Any CPU.ActiveCfg = Debug|Any CPU
		{652C32A1-22B1-4E2C-AD29-4E01D647A988}.Debug|Any CPU.Build.0 = Debug|Any CPU
		{652C32A1-22B1-4E2C-AD29-4E01D647A988}.Release|Any CPU.ActiveCfg = Release|Any CPU
		{652C32A1-22B1-4E2C-AD29-4E01D647A988}.Release|Any CPU.Build.0 = Release|Any CPU
		{CF37BDEA-6EE0-4232-B3B0-DBA5FE3D8124}.Debug|Any CPU.ActiveCfg = Debug|Any CPU
		{CF37BDEA-6EE0-4232-B3B0-DBA5FE3D8124}.Debug|Any CPU.Build.0 = Debug|Any CPU
		{CF37BDEA-6EE0-4232-B3B0-DBA5FE3D8124}.Release|Any CPU.ActiveCfg = Release|Any CPU
		{CF37BDEA-6EE0-4232-B3B0-DBA5FE3D8124}.Release|Any CPU.Build.0 = Release|Any CPU
	EndGlobalSection
	GlobalSection(SolutionProperties) = preSolution
		HideSolutionNode = FALSE
	EndGlobalSection
	GlobalSection(NestedProjects) = preSolution
		{F9E3001C-F9EB-4CA7-B7B2-40AA30EFE5DE} = {5540F74B-B8BE-452B-ABCF-3A4922102D13}
		{1711F01C-4DF1-457C-ADF9-409A3F993E28} = {5540F74B-B8BE-452B-ABCF-3A4922102D13}
		{DAE1A486-E23D-4A82-A0E2-6F4A6FD0FE86} = {5540F74B-B8BE-452B-ABCF-3A4922102D13}
		{BAF6C346-1B1D-4F41-ACE8-042882412365} = {5540F74B-B8BE-452B-ABCF-3A4922102D13}
		{684FD096-B217-414F-8EDD-94F3C7845865} = {324A4543-F9D3-4D3B-82DC-A5C9FABB8BC0}
		{324A4543-F9D3-4D3B-82DC-A5C9FABB8BC0} = {1711F01C-4DF1-457C-ADF9-409A3F993E28}
		{D4E97072-DED2-40F6-9A5C-9E9C10E5148B} = {1711F01C-4DF1-457C-ADF9-409A3F993E28}
		{EFEC3D35-BF2E-4D36-954B-84A91154F554} = {1711F01C-4DF1-457C-ADF9-409A3F993E28}
		{30D2D9F1-E60B-47DA-BFE7-512AFDC7D33E} = {1711F01C-4DF1-457C-ADF9-409A3F993E28}
		{181C2B51-D18B-4D68-AF72-3A42C453E276} = {30D2D9F1-E60B-47DA-BFE7-512AFDC7D33E}
		{2D8D5BCF-2DF7-4804-B932-B7C77455C0DC} = {EFEC3D35-BF2E-4D36-954B-84A91154F554}
		{9B34748F-3E04-4C66-A54F-0EB08ACC6FD4} = {D4E97072-DED2-40F6-9A5C-9E9C10E5148B}
		{AD190C99-A282-43F8-8D5B-D2C6B3774BCE} = {AC6A52EB-6831-42BE-8783-73DF7EDC83CB}
		{49A738D7-F8E5-4714-B144-B72EE89FDDA9} = {AC6A52EB-6831-42BE-8783-73DF7EDC83CB}
		{9E1F148A-E200-4DE1-BBC5-276677712EBD} = {AC6A52EB-6831-42BE-8783-73DF7EDC83CB}
		{A2988D0F-2418-4842-9339-924649DC15C5} = {D4E97072-DED2-40F6-9A5C-9E9C10E5148B}
		{577815A0-909F-49C4-A771-BFB7A2C12C71} = {78CF4931-6D4B-431E-8A93-5DBA2BB30EE5}
		{78CF4931-6D4B-431E-8A93-5DBA2BB30EE5} = {1711F01C-4DF1-457C-ADF9-409A3F993E28}
		{7E825898-96D3-4663-A14A-6A4C1A788439} = {1711F01C-4DF1-457C-ADF9-409A3F993E28}
		{D9206E53-0EA1-4985-9C9C-11F101CBEA3C} = {7E825898-96D3-4663-A14A-6A4C1A788439}
		{77E0CC22-4BC0-4D5F-BCAD-D74048E3AAB7} = {DAE1A486-E23D-4A82-A0E2-6F4A6FD0FE86}
		{7C039448-55B6-4DF7-9A81-3F88984A47DF} = {DAE1A486-E23D-4A82-A0E2-6F4A6FD0FE86}
		{D0EC1BFC-A5D7-41AA-B891-21552CEC172C} = {DAE1A486-E23D-4A82-A0E2-6F4A6FD0FE86}
		{B159DAED-A991-4939-8590-ACF0943EAD48} = {DAE1A486-E23D-4A82-A0E2-6F4A6FD0FE86}
		{303460BA-318D-475A-A4AF-2BBA074622E7} = {DAE1A486-E23D-4A82-A0E2-6F4A6FD0FE86}
		{D1E68994-9E71-46A4-B2EB-42D573B8A394} = {DAE1A486-E23D-4A82-A0E2-6F4A6FD0FE86}
		{CE790944-693A-4627-ACD7-0E0F8C735F44} = {77E0CC22-4BC0-4D5F-BCAD-D74048E3AAB7}
		{14AD51CD-E8B5-42F2-8285-40973DC91B2B} = {B159DAED-A991-4939-8590-ACF0943EAD48}
		{F33FBCDB-A377-42CF-BDDB-4ACE5E6E55DD} = {D0EC1BFC-A5D7-41AA-B891-21552CEC172C}
		{E9023A55-D50F-4E05-ABB3-1282690D1B06} = {7C039448-55B6-4DF7-9A81-3F88984A47DF}
		{6B36D62C-C400-43EA-B59D-CC84134FBAB1} = {7C039448-55B6-4DF7-9A81-3F88984A47DF}
		{0E464142-D83B-44E6-80A9-37AE3E6E78DB} = {BAF6C346-1B1D-4F41-ACE8-042882412365}
		{9215907A-46C1-4F4E-A28E-55E75AEA2320} = {BAF6C346-1B1D-4F41-ACE8-042882412365}
		{004790BC-E99E-4E7E-BE94-FBD01EDC9692} = {BAF6C346-1B1D-4F41-ACE8-042882412365}
		{DA760241-6FEE-4BCC-9F4E-740AFC9141C5} = {BAF6C346-1B1D-4F41-ACE8-042882412365}
		{451F6925-DFC5-41CC-B30C-03052A929F27} = {BAF6C346-1B1D-4F41-ACE8-042882412365}
		{816D1C4F-A624-4B03-932E-EA1832C91B93} = {BAF6C346-1B1D-4F41-ACE8-042882412365}
		{80DA6498-514A-471E-A73B-69385E14DA14} = {DA760241-6FEE-4BCC-9F4E-740AFC9141C5}
		{9CBE4BA2-CA57-4533-9FB1-8A737481186F} = {451F6925-DFC5-41CC-B30C-03052A929F27}
		{B49731AD-19B5-43F6-9D79-90A4D3A3B9E8} = {004790BC-E99E-4E7E-BE94-FBD01EDC9692}
		{DCCE7682-7C2E-41C5-9CF0-C4222CD55A2D} = {9215907A-46C1-4F4E-A28E-55E75AEA2320}
		{85754EBF-71E4-4DBA-9FAA-778913812E87} = {0E464142-D83B-44E6-80A9-37AE3E6E78DB}
		{652C32A1-22B1-4E2C-AD29-4E01D647A988} = {9215907A-46C1-4F4E-A28E-55E75AEA2320}
		{CF37BDEA-6EE0-4232-B3B0-DBA5FE3D8124} = {9215907A-46C1-4F4E-A28E-55E75AEA2320}
	EndGlobalSection
	GlobalSection(ExtensibilityGlobals) = postSolution
		SolutionGuid = {3E171F5C-B537-462D-911D-164358BD9F1B}
	EndGlobalSection
EndGlobal
